
Microsoft Visual Studio Solution File, Format Version 12.00
# Visual Studio 15
VisualStudioVersion = 15.0.27703.2035
MinimumVisualStudioVersion = 10.0.40219.1
Project("{FAE04EC0-301F-11D3-BF4B-00C04F79EFBC}") = "SAD preliminaries", "SAD preliminaries.csproj", "{370A1A61-3438-4CAD-90ED-7D13F24405B4}"
EndProject
Global
	GlobalSection(SolutionConfigurationPlatforms) = preSolution
		Debug|Any CPU = Debug|Any CPU
		Release|Any CPU = Release|Any CPU
	EndGlobalSection
	GlobalSection(ProjectConfigurationPlatforms) = postSolution
		{370A1A61-3438-4CAD-90ED-7D13F24405B4}.Debug|Any CPU.ActiveCfg = Debug|Any CPU
		{370A1A61-3438-4CAD-90ED-7D13F24405B4}.Debug|Any CPU.Build.0 = Debug|Any CPU
		{370A1A61-3438-4CAD-90ED-7D13F24405B4}.Release|Any CPU.ActiveCfg = Release|Any CPU
		{370A1A61-3438-4CAD-90ED-7D13F24405B4}.Release|Any CPU.Build.0 = Release|Any CPU
	EndGlobalSection
	GlobalSection(SolutionProperties) = preSolution
		HideSolutionNode = FALSE
	EndGlobalSection
	GlobalSection(ExtensibilityGlobals) = postSolution
		SolutionGuid = {65B48D9D-2AC6-45D5-B323-FF03772494F3}
	EndGlobalSection
EndGlobal
